
Microsoft Visual Studio Solution File, Format Version 11.00
# Visual Studio 2010
Project("{FAE04EC0-301F-11D3-BF4B-00C04F79EFBC}") = "facegamesExpressions", "Assembly-CSharp.csproj", "{319E4FF1-C1C7-B401-E3AE-70EDFE3665ED}"
EndProject
Project("{FAE04EC0-301F-11D3-BF4B-00C04F79EFBC}") = "facegamesExpressions", "Assembly-CSharp-Editor.csproj", "{58A02E4B-79C9-7BAE-BD7A-7DF5489991B5}"
EndProject
Global
	GlobalSection(SolutionConfigurationPlatforms) = preSolution
		Debug|Any CPU = Debug|Any CPU
		Release|Any CPU = Release|Any CPU
	EndGlobalSection
	GlobalSection(ProjectConfigurationPlatforms) = postSolution
		{319E4FF1-C1C7-B401-E3AE-70EDFE3665ED}.Debug|Any CPU.ActiveCfg = Debug|Any CPU
		{319E4FF1-C1C7-B401-E3AE-70EDFE3665ED}.Debug|Any CPU.Build.0 = Debug|Any CPU
		{319E4FF1-C1C7-B401-E3AE-70EDFE3665ED}.Release|Any CPU.ActiveCfg = Release|Any CPU
		{319E4FF1-C1C7-B401-E3AE-70EDFE3665ED}.Release|Any CPU.Build.0 = Release|Any CPU
		{58A02E4B-79C9-7BAE-BD7A-7DF5489991B5}.Debug|Any CPU.ActiveCfg = Debug|Any CPU
		{58A02E4B-79C9-7BAE-BD7A-7DF5489991B5}.Debug|Any CPU.Build.0 = Debug|Any CPU
		{58A02E4B-79C9-7BAE-BD7A-7DF5489991B5}.Release|Any CPU.ActiveCfg = Release|Any CPU
		{58A02E4B-79C9-7BAE-BD7A-7DF5489991B5}.Release|Any CPU.Build.0 = Release|Any CPU
	EndGlobalSection
	GlobalSection(SolutionProperties) = preSolution
		HideSolutionNode = FALSE
	EndGlobalSection
	GlobalSection(MonoDevelopProperties) = preSolution
		StartupItem = Assembly-CSharp.csproj
	EndGlobalSection
EndGlobal
